<?xml version="1.0" encoding="utf-8"?>
<Project ToolsVersion="4.0" xmlns="http://schemas.microsoft.com/developer/msbuild/2003">
  <ItemGroup>
    <Filter Include="Source Files">
      <UniqueIdentifier>{4FC737F1-C7A5-4376-A066-2A32D752A2FF}</UniqueIdentifier>
      <Extensions>cpp;c;cc;cxx;c++;cppm;ixx;def;odl;idl;hpj;bat;asm;asmx</Extensions>
    </Filter>
    <Filter Include="Header Files">
      <UniqueIdentifier>{93995380-89BD-4b04-88EB-625FBE52EBFB}</UniqueIdentifier>
      <Extensions>h;hh;hpp;hxx;h++;hm;inl;inc;ipp;xsd</Extensions>
    </Filter>
    <Filter Include="Resource Files">
      <UniqueIdentifier>{67DA6AB6-F800-4c08-8B7A-83BB121AAD01}</UniqueIdentifier>
      <Extensions>rc;ico;cur;bmp;dlg;rc2;rct;bin;rgs;gif;jpg;jpeg;jpe;resx;tiff;tif;png;wav;mfcribbon-ms</Extensions>
    </Filter>
  </ItemGroup>
  <ItemGroup>
    <ClCompile Include="main.cpp">
      <Filter>Source Files</Filter>
    </ClCompile>
    <ClCompile Include="sqlite3.c">
      <Filter>Source Files</Filter>
    </ClCompile>
  </ItemGroup>
  <ItemGroup>
    <ClInclude Include="gameLoop.h">
      <Filter>Header Files</Filter>
    </ClInclude>
    <ClInclude Include="graphics.h">
      <Filter>Header Files</Filter>
    </ClInclude>
    <ClInclude Include="init.h">
      <Filter>Header Files</Filter>
    </ClInclude>
    <ClInclude Include="sprites.h">
      <Filter>Header Files</Filter>
    </ClInclude>
    <ClInclude Include="entt.hpp">
      <Filter>Header Files</Filter>
    </ClInclude>
    <ClInclude Include="components.h">
      <Filter>Header Files</Filter>
    </ClInclude>
    <ClInclude Include="scene.h">
      <Filter>Header Files</Filter>
    </ClInclude>
    <ClInclude Include="world.h">
      <Filter>Header Files</Filter>
    </ClInclude>
    <ClInclude Include="rendering.h">
      <Filter>Header Files</Filter>
    </ClInclude>
    <ClInclude Include="event_handler.h">
      <Filter>Header Files</Filter>
    </ClInclude>
    <ClInclude Include="timer.h">
      <Filter>Header Files</Filter>
    </ClInclude>
    <ClInclude Include="collision.h">
      <Filter>Header Files</Filter>
    </ClInclude>
    <ClInclude Include="utilities.h">
      <Filter>Header Files</Filter>
    </ClInclude>
    <ClInclude Include="joystick.h">
      <Filter>Header Files</Filter>
    </ClInclude>
    <ClInclude Include="spells.h">
      <Filter>Header Files</Filter>
    </ClInclude>
    <ClInclude Include="debug_components.h">
      <Filter>Header Files</Filter>
    </ClInclude>
    <ClInclude Include="debug_system.h">
      <Filter>Header Files</Filter>
    </ClInclude>
    <ClInclude Include="unit_control.h">
      <Filter>Header Files</Filter>
    </ClInclude>
    <ClInclude Include="mouse_control.h">
      <Filter>Header Files</Filter>
    </ClInclude>
    <ClInclude Include="ai_control.h">
      <Filter>Header Files</Filter>
    </ClInclude>
    <ClInclude Include="interface.h">
      <Filter>Header Files</Filter>
    </ClInclude>
    <ClInclude Include="movement.h">
      <Filter>Header Files</Filter>
    </ClInclude>
    <ClInclude Include="classes.h">
      <Filter>Header Files</Filter>
    </ClInclude>
    <ClInclude Include="death_spells.h">
      <Filter>Header Files</Filter>
    </ClInclude>
    <ClInclude Include="base_structs.h">
      <Filter>Header Files</Filter>
    </ClInclude>
    <ClInclude Include="map.h">
      <Filter>Header Files</Filter>
    </ClInclude>
    <ClInclude Include="ui_elements.h">
      <Filter>Header Files</Filter>
    </ClInclude>
    <ClInclude Include="entity_loader.h">
      <Filter>Header Files</Filter>
    </ClInclude>
    <ClInclude Include="sqlite3.h">
      <Filter>Header Files</Filter>
    </ClInclude>
    <ClInclude Include="scenes.h">
      <Filter>Header Files</Filter>
    </ClInclude>
    <ClInclude Include="weapons.h">
      <Filter>Header Files</Filter>
    </ClInclude>
    <ClInclude Include="recruitable_units.h">
      <Filter>Header Files</Filter>
    </ClInclude>
    <ClInclude Include="items.h">
      <Filter>Header Files</Filter>
    </ClInclude>
  </ItemGroup>
  <ItemGroup>
    <None Include="SDL2.dll" />
    <None Include="sounds\battle_sound_effects_0.zip" />
    <None Include="sounds\RPGsounds_Kenney.zip" />
    <None Include="sprites\environment\even more tiles\Small 128x64\Interior\Tiled Tsx\1 Floor - Tiled 128x64.tsx" />
    <None Include="sprites\buildings\2D Renderings - Homes.zip" />
    <None Include="sprites\buildings\3D-Castle-tileset-1.zip" />
    <None Include="sprites\buildings\55087_well.zip" />
    <None Include="sprites\buildings\75282_ThePaintedWench_02Upload_blend.zip" />
    <None Include="sprites\buildings\75340_WaterPoweredSawmillUpload_blend.zip" />
    <None Include="sprites\buildings\75729_Blacksmith1Upload_blend.zip" />
    <None Include="sprites\buildings\animated_jade_fountain.7z" />
    <None Include="sprites\buildings\blacksmith_bldg_exp_sm.psd" />
    <None Include="sprites\buildings\bookshelves.blend" />
    <None Include="sprites\buildings\branch_office.zip" />
    <None Include="sprites\buildings\Bridge.zip" />
    <None Include="sprites\buildings\building_pack_02_sheets (1).zip" />
    <None Include="sprites\buildings\building_pack_02_sheets (2).zip" />
    <None Include="sprites\buildings\building_pack_02_sheets.zip" />
    <None Include="sprites\buildings\building_pack_02_single (1).zip" />
    <None Include="sprites\buildings\building_pack_02_single.zip" />
    <None Include="sprites\buildings\building_pack_02_source_updated (1).zip" />
    <None Include="sprites\buildings\building_pack_02_source_updated.zip" />
    <None Include="sprites\buildings\building_pack_03_sheets.zip" />
    <None Include="sprites\buildings\building_pack_03_single.zip" />
    <None Include="sprites\buildings\building_pack_03_source.zip" />
    <None Include="sprites\buildings\buildings_source.blend" />
    <None Include="sprites\buildings\castle-exp_sm.psd" />
    <None Include="sprites\buildings\cementery_gate.blend" />
    <None Include="sprites\buildings\chair.blend" />
    <None Include="sprites\buildings\chair_and_table.zip" />
    <None Include="sprites\buildings\church.zip" />
    <None Include="sprites\buildings\demon_statue3.blend" />
    <None Include="sprites\buildings\firestation.zip" />
    <None Include="sprites\buildings\fishermans_tent.zip" />
    <None Include="sprites\buildings\FLARE_Bridge.zip" />
    <None Include="sprites\buildings\fountain_animation.7z" />
    <None Include="sprites\buildings\Galata-Tower.zip" />
    <None Include="sprites\buildings\Gargoyle.blend" />
    <None Include="sprites\buildings\GothicArchways.Images.zip" />
    <None Include="sprites\buildings\hjm-chair+table.zip" />
    <None Include="sprites\buildings\house.3ds" />
    <None Include="sprites\buildings\house.zip" />
    <None Include="sprites\buildings\Household (1).zip" />
    <None Include="sprites\buildings\Household.zip" />
    <None Include="sprites\buildings\Isometric Building Pack.zip" />
    <None Include="sprites\buildings\isometric_buildings.zip" />
    <None Include="sprites\buildings\Isometric_Western-Bank.zip" />
    <None Include="sprites\buildings\Low Poly Transport Boat.zip" />
    <None Include="sprites\buildings\mage_tower.blend" />
    <None Include="sprites\buildings\Medieval Building 03.zip" />
    <None Include="sprites\buildings\Medieval Building 05.7z" />
    <None Include="sprites\buildings\Medieval_Building_02.zip" />
    <None Include="sprites\buildings\Medieval_Building_06.zip" />
    <None Include="sprites\buildings\medieval_building_tiles.zip" />
    <None Include="sprites\buildings\MedievalHousePack02.zip" />
    <None Include="sprites\buildings\Medieval-Tavern.zip" />
    <None Include="sprites\buildings\merchant_tent1 (1).blend" />
    <None Include="sprites\buildings\merchant_tent1.blend" />
    <None Include="sprites\buildings\pavilion.zip" />
    <None Include="sprites\buildings\residential-as_tent.zip" />
    <None Include="sprites\buildings\signalfire_wooden.zip" />
    <None Include="sprites\buildings\Simple-Hovel_isometric.zip" />
    <None Include="sprites\buildings\snow_tilesets (1).zip" />
    <None Include="sprites\buildings\snow_tilesets.zip" />
    <None Include="sprites\buildings\snow_tilesets_source (1).zip" />
    <None Include="sprites\buildings\snow_tilesets_source.zip" />
    <None Include="sprites\buildings\storagetent.zip" />
    <None Include="sprites\buildings\tables.blend" />
    <None Include="sprites\buildings\TileSet_GothicArchways.blend" />
    <None Include="sprites\buildings\tower1.blend" />
    <None Include="sprites\buildings\uh_residential_tent0.blend" />
    <None Include="sprites\buildings\uh_residential_tent1.blend" />
    <None Include="sprites\buildings\watchtower_lvl2-exp.psd" />
    <None Include="sprites\buildings\watchtower_wood.7z" />
    <None Include="sprites\buildings\Watermill.zip" />
    <None Include="sprites\buildings\weaponsmith.zip" />
    <None Include="sprites\buildings\Well.zip" />
    <None Include="sprites\buildings\wooden_floor.blend" />
    <None Include="sprites\buildings\wooden_walls.blend" />
    <None Include="libfreetype-6.dll" />
    <None Include="SDL2_ttf.dll" />
    <None Include="SDL2_image.dll" />
    <None Include="sqlite3.dll" />
    <None Include="sqlite3.def">
      <Filter>Source Files</Filter>
    </None>
    <None Include="data.db" />
    <None Include=".vs\packages.config" />
  </ItemGroup>
  <ItemGroup>
    <Font Include="fonts\FreeSans.ttf" />
  </ItemGroup>
  <ItemGroup>
    <Image Include="sprites\buildings\barracks.png">
      <Filter>Resource Files</Filter>
    </Image>
    <Image Include="sprites\buildings\blacksmith.png">
      <Filter>Resource Files</Filter>
    </Image>
    <Image Include="sprites\buildings\building_00.png">
      <Filter>Resource Files</Filter>
    </Image>
    <Image Include="sprites\buildings\building_01.png">
      <Filter>Resource Files</Filter>
    </Image>
    <Image Include="sprites\buildings\building_02.png">
      <Filter>Resource Files</Filter>
    </Image>
    <Image Include="sprites\buildings\building_03.png">
      <Filter>Resource Files</Filter>
    </Image>
    <Image Include="sprites\buildings\building_04.png">
      <Filter>Resource Files</Filter>
    </Image>
    <Image Include="sprites\buildings\building_05.png">
      <Filter>Resource Files</Filter>
    </Image>
    <Image Include="sprites\buildings\castle.png">
      <Filter>Resource Files</Filter>
    </Image>
    <Image Include="sprites\buildings\chair.png">
      <Filter>Resource Files</Filter>
    </Image>
    <Image Include="sprites\buildings\demon_statue.png">
      <Filter>Resource Files</Filter>
    </Image>
    <Image Include="sprites\buildings\fence.png">
      <Filter>Resource Files</Filter>
    </Image>
    <Image Include="sprites\buildings\gargyle.png">
      <Filter>Resource Files</Filter>
    </Image>
    <Image Include="sprites\buildings\hjm-chair+table.png">
      <Filter>Resource Files</Filter>
    </Image>
    <Image Include="sprites\buildings\house1.png">
      <Filter>Resource Files</Filter>
    </Image>
    <Image Include="sprites\buildings\house1b.png">
      <Filter>Resource Files</Filter>
    </Image>
    <Image Include="sprites\buildings\house1c.png">
      <Filter>Resource Files</Filter>
    </Image>
    <Image Include="sprites\buildings\iso_dungeon_walls_by_pfunked.png">
      <Filter>Resource Files</Filter>
    </Image>
    <Image Include="sprites\buildings\medieval_building_tiles.png">
      <Filter>Resource Files</Filter>
    </Image>
    <Image Include="sprites\buildings\merchant_tent (1).png">
      <Filter>Resource Files</Filter>
    </Image>
    <Image Include="sprites\buildings\merchant_tent.png">
      <Filter>Resource Files</Filter>
    </Image>
    <Image Include="sprites\buildings\mhouse.png">
      <Filter>Resource Files</Filter>
    </Image>
    <Image Include="sprites\buildings\ruin.bmp">
      <Filter>Resource Files</Filter>
    </Image>
    <Image Include="sprites\buildings\snowplains_tileset_final (1).png">
      <Filter>Resource Files</Filter>
    </Image>
    <Image Include="sprites\buildings\snowplains_tileset_final.png">
      <Filter>Resource Files</Filter>
    </Image>
    <Image Include="sprites\buildings\table.png">
      <Filter>Resource Files</Filter>
    </Image>
    <Image Include="sprites\buildings\table-dinner.png">
      <Filter>Resource Files</Filter>
    </Image>
    <Image Include="sprites\buildings\tiled_room.png">
      <Filter>Resource Files</Filter>
    </Image>
    <Image Include="sprites\buildings\tower.png">
      <Filter>Resource Files</Filter>
    </Image>
    <Image Include="sprites\buildings\watchtower_lvl2-exp_full_size.png">
      <Filter>Resource Files</Filter>
    </Image>
    <Image Include="sprites\buildings\well_dude.png">
      <Filter>Resource Files</Filter>
    </Image>
  </ItemGroup>
</Project>